
Microsoft Visual Studio Solution File, Format Version 12.00
# Visual Studio 15
VisualStudioVersion = 15.0.28307.438
MinimumVisualStudioVersion = 10.0.40219.1
Project("{FAE04EC0-301F-11D3-BF4B-00C04F79EFBC}") = "AdoGiris", "AdoGiris\AdoGiris.csproj", "{0E949175-1090-4D23-9155-23394721F9A2}"
EndProject
Global
	GlobalSection(SolutionConfigurationPlatforms) = preSolution
		Debug|Any CPU = Debug|Any CPU
		Release|Any CPU = Release|Any CPU
	EndGlobalSection
	GlobalSection(ProjectConfigurationPlatforms) = postSolution
		{0E949175-1090-4D23-9155-23394721F9A2}.Debug|Any CPU.ActiveCfg = Debug|Any CPU
		{0E949175-1090-4D23-9155-23394721F9A2}.Debug|Any CPU.Build.0 = Debug|Any CPU
		{0E949175-1090-4D23-9155-23394721F9A2}.Release|Any CPU.ActiveCfg = Release|Any CPU
		{0E949175-1090-4D23-9155-23394721F9A2}.Release|Any CPU.Build.0 = Release|Any CPU
	EndGlobalSection
	GlobalSection(SolutionProperties) = preSolution
		HideSolutionNode = FALSE
	EndGlobalSection
	GlobalSection(ExtensibilityGlobals) = postSolution
		SolutionGuid = {39DA80A4-5FCB-44DD-AE03-A9EF9E25343B}
	EndGlobalSection
EndGlobal
